
Microsoft Visual Studio Solution File, Format Version 12.00
# Visual Studio 2012
Project("{8BC9CEB8-8B4A-11D0-8D11-00A0C91BC942}") = "DS Project", "DS Project\DS Project.vcxproj", "{D553BD9E-9A61-4A6A-AD23-C1B9ADC53D35}"
EndProject
Global
	GlobalSection(SolutionConfigurationPlatforms) = preSolution
		Debug|Win32 = Debug|Win32
		Release|Win32 = Release|Win32
	EndGlobalSection
	GlobalSection(ProjectConfigurationPlatforms) = postSolution
		{D553BD9E-9A61-4A6A-AD23-C1B9ADC53D35}.Debug|Win32.ActiveCfg = Debug|Win32
		{D553BD9E-9A61-4A6A-AD23-C1B9ADC53D35}.Debug|Win32.Build.0 = Debug|Win32
		{D553BD9E-9A61-4A6A-AD23-C1B9ADC53D35}.Release|Win32.ActiveCfg = Release|Win32
		{D553BD9E-9A61-4A6A-AD23-C1B9ADC53D35}.Release|Win32.Build.0 = Release|Win32
	EndGlobalSection
	GlobalSection(SolutionProperties) = preSolution
		HideSolutionNode = FALSE
	EndGlobalSection
EndGlobal
